// !$*UTF8*$!
{
	archiveVersion = 1;
	classes = {
	};
	objectVersion = 48;
	objects = {

/* Begin PBXBuildFile section */
		1885285E205A326D002FF2BF /* AppDelegate.swift in Sources */ = {isa = PBXBuildFile; fileRef = 1885285D205A326D002FF2BF /* AppDelegate.swift */; };
		18852860205A326D002FF2BF /* ViewController.swift in Sources */ = {isa = PBXBuildFile; fileRef = 1885285F205A326D002FF2BF /* ViewController.swift */; };
		18852863205A326D002FF2BF /* Main.storyboard in Resources */ = {isa = PBXBuildFile; fileRef = 18852861205A326D002FF2BF /* Main.storyboard */; };
		18852865205A326D002FF2BF /* Assets.xcassets in Resources */ = {isa = PBXBuildFile; fileRef = 18852864205A326D002FF2BF /* Assets.xcassets */; };
		18852868205A326D002FF2BF /* LaunchScreen.storyboard in Resources */ = {isa = PBXBuildFile; fileRef = 18852866205A326D002FF2BF /* LaunchScreen.storyboard */; };
		18852873205A326D002FF2BF /* GitDemoTests.swift in Sources */ = {isa = PBXBuildFile; fileRef = 18852872205A326D002FF2BF /* GitDemoTests.swift */; };
		1885287E205A326D002FF2BF /* GitDemoUITests.swift in Sources */ = {isa = PBXBuildFile; fileRef = 1885287D205A326D002FF2BF /* GitDemoUITests.swift */; };
/* End PBXBuildFile section */

/* Begin PBXContainerItemProxy section */
		1885286F205A326D002FF2BF /* PBXContainerItemProxy */ = {
			isa = PBXContainerItemProxy;
			containerPortal = 18852852205A326D002FF2BF /* Project object */;
			proxyType = 1;
			remoteGlobalIDString = 18852859205A326D002FF2BF;
			remoteInfo = GitDemo;
		};
		1885287A205A326D002FF2BF /* PBXContainerItemProxy */ = {
			isa = PBXContainerItemProxy;
			containerPortal = 18852852205A326D002FF2BF /* Project object */;
			proxyType = 1;
			remoteGlobalIDString = 18852859205A326D002FF2BF;
			remoteInfo = GitDemo;
		};
/* End PBXContainerItemProxy section */

/* Begin PBXFileReference section */
		1885285A205A326D002FF2BF /* GitDemo.app */ = {isa = PBXFileReference; explicitFileType = wrapper.application; includeInIndex = 0; path = GitDemo.app; sourceTree = BUILT_PRODUCTS_DIR; };
		1885285D205A326D002FF2BF /* AppDelegate.swift */ = {isa = PBXFileReference; lastKnownFileType = sourcecode.swift; path = AppDelegate.swift; sourceTree = "<group>"; };
		1885285F205A326D002FF2BF /* ViewController.swift */ = {isa = PBXFileReference; lastKnownFileType = sourcecode.swift; path = ViewController.swift; sourceTree = "<group>"; };
		18852862205A326D002FF2BF /* Base */ = {isa = PBXFileReference; lastKnownFileType = file.storyboard; name = Base; path = Base.lproj/Main.storyboard; sourceTree = "<group>"; };
		18852864205A326D002FF2BF /* Assets.xcassets */ = {isa = PBXFileReference; lastKnownFileType = folder.assetcatalog; path = Assets.xcassets; sourceTree = "<group>"; };
		18852867205A326D002FF2BF /* Base */ = {isa = PBXFileReference; lastKnownFileType = file.storyboard; name = Base; path = Base.lproj/LaunchScreen.storyboard; sourceTree = "<group>"; };
		18852869205A326D002FF2BF /* Info.plist */ = {isa = PBXFileReference; lastKnownFileType = text.plist.xml; path = Info.plist; sourceTree = "<group>"; };
		1885286E205A326D002FF2BF /* GitDemoTests.xctest */ = {isa = PBXFileReference; explicitFileType = wrapper.cfbundle; includeInIndex = 0; path = GitDemoTests.xctest; sourceTree = BUILT_PRODUCTS_DIR; };
		18852872205A326D002FF2BF /* GitDemoTests.swift */ = {isa = PBXFileReference; lastKnownFileType = sourcecode.swift; path = GitDemoTests.swift; sourceTree = "<group>"; };
		18852874205A326D002FF2BF /* Info.plist */ = {isa = PBXFileReference; lastKnownFileType = text.plist.xml; path = Info.plist; sourceTree = "<group>"; };
		18852879205A326D002FF2BF /* GitDemoUITests.xctest */ = {isa = PBXFileReference; explicitFileType = wrapper.cfbundle; includeInIndex = 0; path = GitDemoUITests.xctest; sourceTree = BUILT_PRODUCTS_DIR; };
		1885287D205A326D002FF2BF /* GitDemoUITests.swift */ = {isa = PBXFileReference; lastKnownFileType = sourcecode.swift; path = GitDemoUITests.swift; sourceTree = "<group>"; };
		1885287F205A326D002FF2BF /* Info.plist */ = {isa = PBXFileReference; lastKnownFileType = text.plist.xml; path = Info.plist; sourceTree = "<group>"; };
/* End PBXFileReference section */

/* Begin PBXFrameworksBuildPhase section */
		18852857205A326D002FF2BF /* Frameworks */ = {
			isa = PBXFrameworksBuildPhase;
			buildActionMask = 2147483647;
			files = (
			);
			runOnlyForDeploymentPostprocessing = 0;
		};
		1885286B205A326D002FF2BF /* Frameworks */ = {
			isa = PBXFrameworksBuildPhase;
			buildActionMask = 2147483647;
			files = (
			);
			runOnlyForDeploymentPostprocessing = 0;
		};
		18852876205A326D002FF2BF /* Frameworks */ = {
			isa = PBXFrameworksBuildPhase;
			buildActionMask = 2147483647;
			files = (
			);
			runOnlyForDeploymentPostprocessing = 0;
		};
/* End PBXFrameworksBuildPhase section */

/* Begin PBXGroup section */
		18852851205A326D002FF2BF = {
			isa = PBXGroup;
			children = (
				1885285C205A326D002FF2BF /* GitDemo */,
				18852871205A326D002FF2BF /* GitDemoTests */,
				1885287C205A326D002FF2BF /* GitDemoUITests */,
				1885285B205A326D002FF2BF /* Products */,
			);
			sourceTree = "<group>";
		};
		1885285B205A326D002FF2BF /* Products */ = {
			isa = PBXGroup;
			children = (
				1885285A205A326D002FF2BF /* GitDemo.app */,
				1885286E205A326D002FF2BF /* GitDemoTests.xctest */,
				18852879205A326D002FF2BF /* GitDemoUITests.xctest */,
			);
			name = Products;
			sourceTree = "<group>";
		};
		1885285C205A326D002FF2BF /* GitDemo */ = {
			isa = PBXGroup;
			children = (
				1885285D205A326D002FF2BF /* AppDelegate.swift */,
				1885285F205A326D002FF2BF /* ViewController.swift */,
				18852861205A326D002FF2BF /* Main.storyboard */,
				18852864205A326D002FF2BF /* Assets.xcassets */,
				18852866205A326D002FF2BF /* LaunchScreen.storyboard */,
				18852869205A326D002FF2BF /* Info.plist */,
			);
			path = GitDemo;
			sourceTree = "<group>";
		};
		18852871205A326D002FF2BF /* GitDemoTests */ = {
			isa = PBXGroup;
			children = (
				18852872205A326D002FF2BF /* GitDemoTests.swift */,
				18852874205A326D002FF2BF /* Info.plist */,
			);
			path = GitDemoTests;
			sourceTree = "<group>";
		};
		1885287C205A326D002FF2BF /* GitDemoUITests */ = {
			isa = PBXGroup;
			children = (
				1885287D205A326D002FF2BF /* GitDemoUITests.swift */,
				1885287F205A326D002FF2BF /* Info.plist */,
			);
			path = GitDemoUITests;
			sourceTree = "<group>";
		};
/* End PBXGroup section */

/* Begin PBXNativeTarget section */
		18852859205A326D002FF2BF /* GitDemo */ = {
			isa = PBXNativeTarget;
			buildConfigurationList = 18852882205A326D002FF2BF /* Build configuration list for PBXNativeTarget "GitDemo" */;
			buildPhases = (
				18852856205A326D002FF2BF /* Sources */,
				18852857205A326D002FF2BF /* Frameworks */,
				18852858205A326D002FF2BF /* Resources */,
			);
			buildRules = (
			);
			dependencies = (
			);
			name = GitDemo;
			productName = GitDemo;
			productReference = 1885285A205A326D002FF2BF /* GitDemo.app */;
			productType = "com.apple.product-type.application";
		};
		1885286D205A326D002FF2BF /* GitDemoTests */ = {
			isa = PBXNativeTarget;
			buildConfigurationList = 18852885205A326D002FF2BF /* Build configuration list for PBXNativeTarget "GitDemoTests" */;
			buildPhases = (
				1885286A205A326D002FF2BF /* Sources */,
				1885286B205A326D002FF2BF /* Frameworks */,
				1885286C205A326D002FF2BF /* Resources */,
			);
			buildRules = (
			);
			dependencies = (
				18852870205A326D002FF2BF /* PBXTargetDependency */,
			);
			name = GitDemoTests;
			productName = GitDemoTests;
			productReference = 1885286E205A326D002FF2BF /* GitDemoTests.xctest */;
			productType = "com.apple.product-type.bundle.unit-test";
		};
		18852878205A326D002FF2BF /* GitDemoUITests */ = {
			isa = PBXNativeTarget;
			buildConfigurationList = 18852888205A326D002FF2BF /* Build configuration list for PBXNativeTarget "GitDemoUITests" */;
			buildPhases = (
				18852875205A326D002FF2BF /* Sources */,
				18852876205A326D002FF2BF /* Frameworks */,
				18852877205A326D002FF2BF /* Resources */,
			);
			buildRules = (
			);
			dependencies = (
				1885287B205A326D002FF2BF /* PBXTargetDependency */,
			);
			name = GitDemoUITests;
			productName = GitDemoUITests;
			productReference = 18852879205A326D002FF2BF /* GitDemoUITests.xctest */;
			productType = "com.apple.product-type.bundle.ui-testing";
		};
/* End PBXNativeTarget section */

/* Begin PBXProject section */
		18852852205A326D002FF2BF /* Project object */ = {
			isa = PBXProject;
			attributes = {
				LastSwiftUpdateCheck = 0920;
				LastUpgradeCheck = 0920;
				ORGANIZATIONNAME = Apple;
				TargetAttributes = {
					18852859205A326D002FF2BF = {
						CreatedOnToolsVersion = 9.2;
						ProvisioningStyle = Automatic;
					};
					1885286D205A326D002FF2BF = {
						CreatedOnToolsVersion = 9.2;
						ProvisioningStyle = Automatic;
						TestTargetID = 18852859205A326D002FF2BF;
					};
					18852878205A326D002FF2BF = {
						CreatedOnToolsVersion = 9.2;
						ProvisioningStyle = Automatic;
						TestTargetID = 18852859205A326D002FF2BF;
					};
				};
			};
			buildConfigurationList = 18852855205A326D002FF2BF /* Build configuration list for PBXProject "GitDemo" */;
			compatibilityVersion = "Xcode 8.0";
			developmentRegion = en;
			hasScannedForEncodings = 0;
			knownRegions = (
				en,
				Base,
			);
			mainGroup = 18852851205A326D002FF2BF;
			productRefGroup = 1885285B205A326D002FF2BF /* Products */;
			projectDirPath = "";
			projectRoot = "";
			targets = (
				18852859205A326D002FF2BF /* GitDemo */,
				1885286D205A326D002FF2BF /* GitDemoTests */,
				18852878205A326D002FF2BF /* GitDemoUITests */,
			);
		};
/* End PBXProject section */

/* Begin PBXResourcesBuildPhase section */
		18852858205A326D002FF2BF /* Resources */ = {
			isa = PBXResourcesBuildPhase;
			buildActionMask = 2147483647;
			files = (
				18852868205A326D002FF2BF /* LaunchScreen.storyboard in Resources */,
				18852865205A326D002FF2BF /* Assets.xcassets in Resources */,
				18852863205A326D002FF2BF /* Main.storyboard in Resources */,
			);
			runOnlyForDeploymentPostprocessing = 0;
		};
		1885286C205A326D002FF2BF /* Resources */ = {
			isa = PBXResourcesBuildPhase;
			buildActionMask = 2147483647;
			files = (
			);
			runOnlyForDeploymentPostprocessing = 0;
		};
		18852877205A326D002FF2BF /* Resources */ = {
			isa = PBXResourcesBuildPhase;
			buildActionMask = 2147483647;
			files = (
			);
			runOnlyForDeploymentPostprocessing = 0;
		};
/* End PBXResourcesBuildPhase section */

/* Begin PBXSourcesBuildPhase section */
		18852856205A326D002FF2BF /* Sources */ = {
			isa = PBXSourcesBuildPhase;
			buildActionMask = 2147483647;
			files = (
				18852860205A326D002FF2BF /* ViewController.swift in Sources */,
				1885285E205A326D002FF2BF /* AppDelegate.swift in Sources */,
			);
			runOnlyForDeploymentPostprocessing = 0;
		};
		1885286A205A326D002FF2BF /* Sources */ = {
			isa = PBXSourcesBuildPhase;
			buildActionMask = 2147483647;
			files = (
				18852873205A326D002FF2BF /* GitDemoTests.swift in Sources */,
			);
			runOnlyForDeploymentPostprocessing = 0;
		};
		18852875205A326D002FF2BF /* Sources */ = {
			isa = PBXSourcesBuildPhase;
			buildActionMask = 2147483647;
			files = (
				1885287E205A326D002FF2BF /* GitDemoUITests.swift in Sources */,
			);
			runOnlyForDeploymentPostprocessing = 0;
		};
/* End PBXSourcesBuildPhase section */

/* Begin PBXTargetDependency section */
		18852870205A326D002FF2BF /* PBXTargetDependency */ = {
			isa = PBXTargetDependency;
			target = 18852859205A326D002FF2BF /* GitDemo */;
			targetProxy = 1885286F205A326D002FF2BF /* PBXContainerItemProxy */;
		};
		1885287B205A326D002FF2BF /* PBXTargetDependency */ = {
			isa = PBXTargetDependency;
			target = 18852859205A326D002FF2BF /* GitDemo */;
			targetProxy = 1885287A205A326D002FF2BF /* PBXContainerItemProxy */;
		};
/* End PBXTargetDependency section */

/* Begin PBXVariantGroup section */
		18852861205A326D002FF2BF /* Main.storyboard */ = {
			isa = PBXVariantGroup;
			children = (
				18852862205A326D002FF2BF /* Base */,
			);
			name = Main.storyboard;
			sourceTree = "<group>";
		};
		18852866205A326D002FF2BF /* LaunchScreen.storyboard */ = {
			isa = PBXVariantGroup;
			children = (
				18852867205A326D002FF2BF /* Base */,
			);
			name = LaunchScreen.storyboard;
			sourceTree = "<group>";
		};
/* End PBXVariantGroup section */

/* Begin XCBuildConfiguration section */
		18852880205A326D002FF2BF /* Debug */ = {
			isa = XCBuildConfiguration;
			buildSettings = {
				ALWAYS_SEARCH_USER_PATHS = NO;
				CLANG_ANALYZER_NONNULL = YES;
				CLANG_ANALYZER_NUMBER_OBJECT_CONVERSION = YES_AGGRESSIVE;
				CLANG_CXX_LANGUAGE_STANDARD = "gnu++14";
				CLANG_CXX_LIBRARY = "libc++";
				CLANG_ENABLE_MODULES = YES;
				CLANG_ENABLE_OBJC_ARC = YES;
				CLANG_WARN_BLOCK_CAPTURE_AUTORELEASING = YES;
				CLANG_WARN_BOOL_CONVERSION = YES;
				CLANG_WARN_COMMA = YES;
				CLANG_WARN_CONSTANT_CONVERSION = YES;
				CLANG_WARN_DIRECT_OBJC_ISA_USAGE = YES_ERROR;
				CLANG_WARN_DOCUMENTATION_COMMENTS = YES;
				CLANG_WARN_EMPTY_BODY = YES;
				CLANG_WARN_ENUM_CONVERSION = YES;
				CLANG_WARN_INFINITE_RECURSION = YES;
				CLANG_WARN_INT_CONVERSION = YES;
				CLANG_WARN_NON_LITERAL_NULL_CONVERSION = YES;
				CLANG_WARN_OBJC_LITERAL_CONVERSION = YES;
				CLANG_WARN_OBJC_ROOT_CLASS = YES_ERROR;
				CLANG_WARN_RANGE_LOOP_ANALYSIS = YES;
				CLANG_WARN_STRICT_PROTOTYPES = YES;
				CLANG_WARN_SUSPICIOUS_MOVE = YES;
				CLANG_WARN_UNGUARDED_AVAILABILITY = YES_AGGRESSIVE;
				CLANG_WARN_UNREACHABLE_CODE = YES;
				CLANG_WARN__DUPLICATE_METHOD_MATCH = YES;
				CODE_SIGN_IDENTITY = "iPhone Developer";
				COPY_PHASE_STRIP = NO;
				DEBUG_INFORMATION_FORMAT = dwarf;
				ENABLE_STRICT_OBJC_MSGSEND = YES;
				ENABLE_TESTABILITY = YES;
				GCC_C_LANGUAGE_STANDARD = gnu11;
				GCC_DYNAMIC_NO_PIC = NO;
				GCC_NO_COMMON_BLOCKS = YES;
				GCC_OPTIMIZATION_LEVEL = 0;
				GCC_PREPROCESSOR_DEFINITIONS = (
					"DEBUG=1",
					"$(inherited)",
				);
				GCC_WARN_64_TO_32_BIT_CONVERSION = YES;
				GCC_WARN_ABOUT_RETURN_TYPE = YES_ERROR;
				GCC_WARN_UNDECLARED_SELECTOR = YES;
				GCC_WARN_UNINITIALIZED_AUTOS = YES_AGGRESSIVE;
				GCC_WARN_UNUSED_FUNCTION = YES;
				GCC_WARN_UNUSED_VARIABLE = YES;
				IPHONEOS_DEPLOYMENT_TARGET = 11.2;
				MTL_ENABLE_DEBUG_INFO = YES;
				ONLY_ACTIVE_ARCH = YES;
				SDKROOT = iphoneos;
				SWIFT_ACTIVE_COMPILATION_CONDITIONS = DEBUG;
				SWIFT_OPTIMIZATION_LEVEL = "-Onone";
			};
			name = Debug;
		};
		18852881205A326D002FF2BF /* Release */ = {
			isa = XCBuildConfiguration;
			buildSettings = {
				ALWAYS_SEARCH_USER_PATHS = NO;
				CLANG_ANALYZER_NONNULL = YES;
				CLANG_ANALYZER_NUMBER_OBJECT_CONVERSION = YES_AGGRESSIVE;
				CLANG_CXX_LANGUAGE_STANDARD = "gnu++14";
				CLANG_CXX_LIBRARY = "libc++";
				CLANG_ENABLE_MODULES = YES;
				CLANG_ENABLE_OBJC_ARC = YES;
				CLANG_WARN_BLOCK_CAPTURE_AUTORELEASING = YES;
				CLANG_WARN_BOOL_CONVERSION = YES;
				CLANG_WARN_COMMA = YES;
				CLANG_WARN_CONSTANT_CONVERSION = YES;
				CLANG_WARN_DIRECT_OBJC_ISA_USAGE = YES_ERROR;
				CLANG_WARN_DOCUMENTATION_COMMENTS = YES;
				CLANG_WARN_EMPTY_BODY = YES;
				CLANG_WARN_ENUM_CONVERSION = YES;
				CLANG_WARN_INFINITE_RECURSION = YES;
				CLANG_WARN_INT_CONVERSION = YES;
				CLANG_WARN_NON_LITERAL_NULL_CONVERSION = YES;
				CLANG_WARN_OBJC_LITERAL_CONVERSION = YES;
				CLANG_WARN_OBJC_ROOT_CLASS = YES_ERROR;
				CLANG_WARN_RANGE_LOOP_ANALYSIS = YES;
				CLANG_WARN_STRICT_PROTOTYPES = YES;
				CLANG_WARN_SUSPICIOUS_MOVE = YES;
				CLANG_WARN_UNGUARDED_AVAILABILITY = YES_AGGRESSIVE;
				CLANG_WARN_UNREACHABLE_CODE = YES;
				CLANG_WARN__DUPLICATE_METHOD_MATCH = YES;
				CODE_SIGN_IDENTITY = "iPhone Developer";
				COPY_PHASE_STRIP = NO;
				DEBUG_INFORMATION_FORMAT = "dwarf-with-dsym";
				ENABLE_NS_ASSERTIONS = NO;
				ENABLE_STRICT_OBJC_MSGSEND = YES;
				GCC_C_LANGUAGE_STANDARD = gnu11;
				GCC_NO_COMMON_BLOCKS = YES;
				GCC_WARN_64_TO_32_BIT_CONVERSION = YES;
				GCC_WARN_ABOUT_RETURN_TYPE = YES_ERROR;
				GCC_WARN_UNDECLARED_SELECTOR = YES;
				GCC_WARN_UNINITIALIZED_AUTOS = YES_AGGRESSIVE;
				GCC_WARN_UNUSED_FUNCTION = YES;
				GCC_WARN_UNUSED_VARIABLE = YES;
				IPHONEOS_DEPLOYMENT_TARGET = 11.2;
				MTL_ENABLE_DEBUG_INFO = NO;
				SDKROOT = iphoneos;
				SWIFT_OPTIMIZATION_LEVEL = "-Owholemodule";
				VALIDATE_PRODUCT = YES;
			};
			name = Release;
		};
		18852883205A326D002FF2BF /* Debug */ = {
			isa = XCBuildConfiguration;
			buildSettings = {
				ASSETCATALOG_COMPILER_APPICON_NAME = AppIcon;
				CODE_SIGN_STYLE = Automatic;
				DEVELOPMENT_TEAM = VZ6YQ74JTZ;
				INFOPLIST_FILE = GitDemo/Info.plist;
				LD_RUNPATH_SEARCH_PATHS = "$(inherited) @executable_path/Frameworks";
				PRODUCT_BUNDLE_IDENTIFIER = Apple.GitDemo;
				PRODUCT_NAME = "$(TARGET_NAME)";
				SWIFT_VERSION = 4.0;
				TARGETED_DEVICE_FAMILY = "1,2";
			};
			name = Debug;
		};
		18852884205A326D002FF2BF /* Release */ = {
			isa = XCBuildConfiguration;
			buildSettings = {
				ASSETCATALOG_COMPILER_APPICON_NAME = AppIcon;
				CODE_SIGN_STYLE = Automatic;
				DEVELOPMENT_TEAM = VZ6YQ74JTZ;
				INFOPLIST_FILE = GitDemo/Info.plist;
				LD_RUNPATH_SEARCH_PATHS = "$(inherited) @executable_path/Frameworks";
				PRODUCT_BUNDLE_IDENTIFIER = Apple.GitDemo;
				PRODUCT_NAME = "$(TARGET_NAME)";
				SWIFT_VERSION = 4.0;
				TARGETED_DEVICE_FAMILY = "1,2";
			};
			name = Release;
		};
		18852886205A326D002FF2BF /* Debug */ = {
			isa = XCBuildConfiguration;
			buildSettings = {
				ALWAYS_EMBED_SWIFT_STANDARD_LIBRARIES = YES;
				BUNDLE_LOADER = "$(TEST_HOST)";
				CODE_SIGN_STYLE = Automatic;
				DEVELOPMENT_TEAM = VZ6YQ74JTZ;
				INFOPLIST_FILE = GitDemoTests/Info.plist;
				LD_RUNPATH_SEARCH_PATHS = "$(inherited) @executable_path/Frameworks @loader_path/Frameworks";
				PRODUCT_BUNDLE_IDENTIFIER = Apple.GitDemoTests;
				PRODUCT_NAME = "$(TARGET_NAME)";
				SWIFT_VERSION = 4.0;
				TARGETED_DEVICE_FAMILY = "1,2";
				TEST_HOST = "$(BUILT_PRODUCTS_DIR)/GitDemo.app/GitDemo";
			};
			name = Debug;
		};
		18852887205A326D002FF2BF /* Release */ = {
			isa = XCBuildConfiguration;
			buildSettings = {
				ALWAYS_EMBED_SWIFT_STANDARD_LIBRARIES = YES;
				BUNDLE_LOADER = "$(TEST_HOST)";
				CODE_SIGN_STYLE = Automatic;
				DEVELOPMENT_TEAM = VZ6YQ74JTZ;
				INFOPLIST_FILE = GitDemoTests/Info.plist;
				LD_RUNPATH_SEARCH_PATHS = "$(inherited) @executable_path/Frameworks @loader_path/Frameworks";
				PRODUCT_BUNDLE_IDENTIFIER = Apple.GitDemoTests;
				PRODUCT_NAME = "$(TARGET_NAME)";
				SWIFT_VERSION = 4.0;
				TARGETED_DEVICE_FAMILY = "1,2";
				TEST_HOST = "$(BUILT_PRODUCTS_DIR)/GitDemo.app/GitDemo";
			};
			name = Release;
		};
		18852889205A326D002FF2BF /* Debug */ = {
			isa = XCBuildConfiguration;
			buildSettings = {
				ALWAYS_EMBED_SWIFT_STANDARD_LIBRARIES = YES;
				CODE_SIGN_STYLE = Automatic;
				DEVELOPMENT_TEAM = VZ6YQ74JTZ;
				INFOPLIST_FILE = GitDemoUITests/Info.plist;
				LD_RUNPATH_SEARCH_PATHS = "$(inherited) @executable_path/Frameworks @loader_path/Frameworks";
				PRODUCT_BUNDLE_IDENTIFIER = Apple.GitDemoUITests;
				PRODUCT_NAME = "$(TARGET_NAME)";
				SWIFT_VERSION = 4.0;
				TARGETED_DEVICE_FAMILY = "1,2";
				TEST_TARGET_NAME = GitDemo;
			};
			name = Debug;
		};
		1885288A205A326D002FF2BF /* Release */ = {
			isa = XCBuildConfiguration;
			buildSettings = {
				ALWAYS_EMBED_SWIFT_STANDARD_LIBRARIES = YES;
				CODE_SIGN_STYLE = Automatic;
				DEVELOPMENT_TEAM = VZ6YQ74JTZ;
				INFOPLIST_FILE = GitDemoUITests/Info.plist;
				LD_RUNPATH_SEARCH_PATHS = "$(inherited) @executable_path/Frameworks @loader_path/Frameworks";
				PRODUCT_BUNDLE_IDENTIFIER = Apple.GitDemoUITests;
				PRODUCT_NAME = "$(TARGET_NAME)";
				SWIFT_VERSION = 4.0;
				TARGETED_DEVICE_FAMILY = "1,2";
				TEST_TARGET_NAME = GitDemo;
			};
			name = Release;
		};
/* End XCBuildConfiguration section */

/* Begin XCConfigurationList section */
		18852855205A326D002FF2BF /* Build configuration list for PBXProject "GitDemo" */ = {
			isa = XCConfigurationList;
			buildConfigurations = (
				18852880205A326D002FF2BF /* Debug */,
				18852881205A326D002FF2BF /* Release */,
			);
			defaultConfigurationIsVisible = 0;
			defaultConfigurationName = Release;
		};
		18852882205A326D002FF2BF /* Build configuration list for PBXNativeTarget "GitDemo" */ = {
			isa = XCConfigurationList;
			buildConfigurations = (
				18852883205A326D002FF2BF /* Debug */,
				18852884205A326D002FF2BF /* Release */,
			);
			defaultConfigurationIsVisible = 0;
			defaultConfigurationName = Release;
		};
		18852885205A326D002FF2BF /* Build configuration list for PBXNativeTarget "GitDemoTests" */ = {
			isa = XCConfigurationList;
			buildConfigurations = (
				18852886205A326D002FF2BF /* Debug */,
				18852887205A326D002FF2BF /* Release */,
			);
			defaultConfigurationIsVisible = 0;
			defaultConfigurationName = Release;
		};
		18852888205A326D002FF2BF /* Build configuration list for PBXNativeTarget "GitDemoUITests" */ = {
			isa = XCConfigurationList;
			buildConfigurations = (
				18852889205A326D002FF2BF /* Debug */,
				1885288A205A326D002FF2BF /* Release */,
			);
			defaultConfigurationIsVisible = 0;
			defaultConfigurationName = Release;
		};
/* End XCConfigurationList section */
	};
	rootObject = 18852852205A326D002FF2BF /* Project object */;
}
